// !$*UTF8*$!
{
	archiveVersion = 1;
	classes = {
	};
	objectVersion = 50;
	objects = {

/* Begin PBXBuildFile section */
		7BB3F24421937C4900CF7AD0 /* AppDelegate.swift in Sources */ = {isa = PBXBuildFile; fileRef = 7BB3F24321937C4900CF7AD0 /* AppDelegate.swift */; };
		7BB3F24621937C4900CF7AD0 /* ViewController.swift in Sources */ = {isa = PBXBuildFile; fileRef = 7BB3F24521937C4900CF7AD0 /* ViewController.swift */; };
		7BB3F24921937C4900CF7AD0 /* Main.storyboard in Resources */ = {isa = PBXBuildFile; fileRef = 7BB3F24721937C4900CF7AD0 /* Main.storyboard */; };
		7BB3F24B21937C4A00CF7AD0 /* Assets.xcassets in Resources */ = {isa = PBXBuildFile; fileRef = 7BB3F24A21937C4A00CF7AD0 /* Assets.xcassets */; };
		7BB3F24E21937C4A00CF7AD0 /* LaunchScreen.storyboard in Resources */ = {isa = PBXBuildFile; fileRef = 7BB3F24C21937C4A00CF7AD0 /* LaunchScreen.storyboard */; };
		7BB3F25921937C4A00CF7AD0 /* Cake_PatternTests.swift in Sources */ = {isa = PBXBuildFile; fileRef = 7BB3F25821937C4A00CF7AD0 /* Cake_PatternTests.swift */; };
		7BB3F26421937C4A00CF7AD0 /* Cake_PatternUITests.swift in Sources */ = {isa = PBXBuildFile; fileRef = 7BB3F26321937C4A00CF7AD0 /* Cake_PatternUITests.swift */; };
/* End PBXBuildFile section */

/* Begin PBXContainerItemProxy section */
		7BB3F25521937C4A00CF7AD0 /* PBXContainerItemProxy */ = {
			isa = PBXContainerItemProxy;
			containerPortal = 7BB3F23821937C4900CF7AD0 /* Project object */;
			proxyType = 1;
			remoteGlobalIDString = 7BB3F23F21937C4900CF7AD0;
			remoteInfo = "Cake-Pattern";
		};
		7BB3F26021937C4A00CF7AD0 /* PBXContainerItemProxy */ = {
			isa = PBXContainerItemProxy;
			containerPortal = 7BB3F23821937C4900CF7AD0 /* Project object */;
			proxyType = 1;
			remoteGlobalIDString = 7BB3F23F21937C4900CF7AD0;
			remoteInfo = "Cake-Pattern";
		};
/* End PBXContainerItemProxy section */

/* Begin PBXFileReference section */
		7BB3F24021937C4900CF7AD0 /* Cake-Pattern.app */ = {isa = PBXFileReference; explicitFileType = wrapper.application; includeInIndex = 0; path = "Cake-Pattern.app"; sourceTree = BUILT_PRODUCTS_DIR; };
		7BB3F24321937C4900CF7AD0 /* AppDelegate.swift */ = {isa = PBXFileReference; lastKnownFileType = sourcecode.swift; path = AppDelegate.swift; sourceTree = "<group>"; };
		7BB3F24521937C4900CF7AD0 /* ViewController.swift */ = {isa = PBXFileReference; lastKnownFileType = sourcecode.swift; path = ViewController.swift; sourceTree = "<group>"; };
		7BB3F24821937C4900CF7AD0 /* Base */ = {isa = PBXFileReference; lastKnownFileType = file.storyboard; name = Base; path = Base.lproj/Main.storyboard; sourceTree = "<group>"; };
		7BB3F24A21937C4A00CF7AD0 /* Assets.xcassets */ = {isa = PBXFileReference; lastKnownFileType = folder.assetcatalog; path = Assets.xcassets; sourceTree = "<group>"; };
		7BB3F24D21937C4A00CF7AD0 /* Base */ = {isa = PBXFileReference; lastKnownFileType = file.storyboard; name = Base; path = Base.lproj/LaunchScreen.storyboard; sourceTree = "<group>"; };
		7BB3F24F21937C4A00CF7AD0 /* Info.plist */ = {isa = PBXFileReference; lastKnownFileType = text.plist.xml; path = Info.plist; sourceTree = "<group>"; };
		7BB3F25421937C4A00CF7AD0 /* Cake-PatternTests.xctest */ = {isa = PBXFileReference; explicitFileType = wrapper.cfbundle; includeInIndex = 0; path = "Cake-PatternTests.xctest"; sourceTree = BUILT_PRODUCTS_DIR; };
		7BB3F25821937C4A00CF7AD0 /* Cake_PatternTests.swift */ = {isa = PBXFileReference; lastKnownFileType = sourcecode.swift; path = Cake_PatternTests.swift; sourceTree = "<group>"; };
		7BB3F25A21937C4A00CF7AD0 /* Info.plist */ = {isa = PBXFileReference; lastKnownFileType = text.plist.xml; path = Info.plist; sourceTree = "<group>"; };
		7BB3F25F21937C4A00CF7AD0 /* Cake-PatternUITests.xctest */ = {isa = PBXFileReference; explicitFileType = wrapper.cfbundle; includeInIndex = 0; path = "Cake-PatternUITests.xctest"; sourceTree = BUILT_PRODUCTS_DIR; };
		7BB3F26321937C4A00CF7AD0 /* Cake_PatternUITests.swift */ = {isa = PBXFileReference; lastKnownFileType = sourcecode.swift; path = Cake_PatternUITests.swift; sourceTree = "<group>"; };
		7BB3F26521937C4A00CF7AD0 /* Info.plist */ = {isa = PBXFileReference; lastKnownFileType = text.plist.xml; path = Info.plist; sourceTree = "<group>"; };
/* End PBXFileReference section */

/* Begin PBXFrameworksBuildPhase section */
		7BB3F23D21937C4900CF7AD0 /* Frameworks */ = {
			isa = PBXFrameworksBuildPhase;
			buildActionMask = 2147483647;
			files = (
			);
			runOnlyForDeploymentPostprocessing = 0;
		};
		7BB3F25121937C4A00CF7AD0 /* Frameworks */ = {
			isa = PBXFrameworksBuildPhase;
			buildActionMask = 2147483647;
			files = (
			);
			runOnlyForDeploymentPostprocessing = 0;
		};
		7BB3F25C21937C4A00CF7AD0 /* Frameworks */ = {
			isa = PBXFrameworksBuildPhase;
			buildActionMask = 2147483647;
			files = (
			);
			runOnlyForDeploymentPostprocessing = 0;
		};
/* End PBXFrameworksBuildPhase section */

/* Begin PBXGroup section */
		7BB3F23721937C4900CF7AD0 = {
			isa = PBXGroup;
			children = (
				7BB3F24221937C4900CF7AD0 /* Cake-Pattern */,
				7BB3F25721937C4A00CF7AD0 /* Cake-PatternTests */,
				7BB3F26221937C4A00CF7AD0 /* Cake-PatternUITests */,
				7BB3F24121937C4900CF7AD0 /* Products */,
			);
			sourceTree = "<group>";
		};
		7BB3F24121937C4900CF7AD0 /* Products */ = {
			isa = PBXGroup;
			children = (
				7BB3F24021937C4900CF7AD0 /* Cake-Pattern.app */,
				7BB3F25421937C4A00CF7AD0 /* Cake-PatternTests.xctest */,
				7BB3F25F21937C4A00CF7AD0 /* Cake-PatternUITests.xctest */,
			);
			name = Products;
			sourceTree = "<group>";
		};
		7BB3F24221937C4900CF7AD0 /* Cake-Pattern */ = {
			isa = PBXGroup;
			children = (
				7BB3F24321937C4900CF7AD0 /* AppDelegate.swift */,
				7BB3F24521937C4900CF7AD0 /* ViewController.swift */,
				7BB3F24721937C4900CF7AD0 /* Main.storyboard */,
				7BB3F24A21937C4A00CF7AD0 /* Assets.xcassets */,
				7BB3F24C21937C4A00CF7AD0 /* LaunchScreen.storyboard */,
				7BB3F24F21937C4A00CF7AD0 /* Info.plist */,
			);
			path = "Cake-Pattern";
			sourceTree = "<group>";
		};
		7BB3F25721937C4A00CF7AD0 /* Cake-PatternTests */ = {
			isa = PBXGroup;
			children = (
				7BB3F25821937C4A00CF7AD0 /* Cake_PatternTests.swift */,
				7BB3F25A21937C4A00CF7AD0 /* Info.plist */,
			);
			path = "Cake-PatternTests";
			sourceTree = "<group>";
		};
		7BB3F26221937C4A00CF7AD0 /* Cake-PatternUITests */ = {
			isa = PBXGroup;
			children = (
				7BB3F26321937C4A00CF7AD0 /* Cake_PatternUITests.swift */,
				7BB3F26521937C4A00CF7AD0 /* Info.plist */,
			);
			path = "Cake-PatternUITests";
			sourceTree = "<group>";
		};
/* End PBXGroup section */

/* Begin PBXNativeTarget section */
		7BB3F23F21937C4900CF7AD0 /* Cake-Pattern */ = {
			isa = PBXNativeTarget;
			buildConfigurationList = 7BB3F26821937C4A00CF7AD0 /* Build configuration list for PBXNativeTarget "Cake-Pattern" */;
			buildPhases = (
				7BB3F23C21937C4900CF7AD0 /* Sources */,
				7BB3F23D21937C4900CF7AD0 /* Frameworks */,
				7BB3F23E21937C4900CF7AD0 /* Resources */,
			);
			buildRules = (
			);
			dependencies = (
			);
			name = "Cake-Pattern";
			productName = "Cake-Pattern";
			productReference = 7BB3F24021937C4900CF7AD0 /* Cake-Pattern.app */;
			productType = "com.apple.product-type.application";
		};
		7BB3F25321937C4A00CF7AD0 /* Cake-PatternTests */ = {
			isa = PBXNativeTarget;
			buildConfigurationList = 7BB3F26B21937C4A00CF7AD0 /* Build configuration list for PBXNativeTarget "Cake-PatternTests" */;
			buildPhases = (
				7BB3F25021937C4A00CF7AD0 /* Sources */,
				7BB3F25121937C4A00CF7AD0 /* Frameworks */,
				7BB3F25221937C4A00CF7AD0 /* Resources */,
			);
			buildRules = (
			);
			dependencies = (
				7BB3F25621937C4A00CF7AD0 /* PBXTargetDependency */,
			);
			name = "Cake-PatternTests";
			productName = "Cake-PatternTests";
			productReference = 7BB3F25421937C4A00CF7AD0 /* Cake-PatternTests.xctest */;
			productType = "com.apple.product-type.bundle.unit-test";
		};
		7BB3F25E21937C4A00CF7AD0 /* Cake-PatternUITests */ = {
			isa = PBXNativeTarget;
			buildConfigurationList = 7BB3F26E21937C4A00CF7AD0 /* Build configuration list for PBXNativeTarget "Cake-PatternUITests" */;
			buildPhases = (
				7BB3F25B21937C4A00CF7AD0 /* Sources */,
				7BB3F25C21937C4A00CF7AD0 /* Frameworks */,
				7BB3F25D21937C4A00CF7AD0 /* Resources */,
			);
			buildRules = (
			);
			dependencies = (
				7BB3F26121937C4A00CF7AD0 /* PBXTargetDependency */,
			);
			name = "Cake-PatternUITests";
			productName = "Cake-PatternUITests";
			productReference = 7BB3F25F21937C4A00CF7AD0 /* Cake-PatternUITests.xctest */;
			productType = "com.apple.product-type.bundle.ui-testing";
		};
/* End PBXNativeTarget section */

/* Begin PBXProject section */
		7BB3F23821937C4900CF7AD0 /* Project object */ = {
			isa = PBXProject;
			attributes = {
				LastSwiftUpdateCheck = 1010;
				LastUpgradeCheck = 1010;
				ORGANIZATIONNAME = "Cedric Gatay";
				TargetAttributes = {
					7BB3F23F21937C4900CF7AD0 = {
						CreatedOnToolsVersion = 10.1;
					};
					7BB3F25321937C4A00CF7AD0 = {
						CreatedOnToolsVersion = 10.1;
						TestTargetID = 7BB3F23F21937C4900CF7AD0;
					};
					7BB3F25E21937C4A00CF7AD0 = {
						CreatedOnToolsVersion = 10.1;
						TestTargetID = 7BB3F23F21937C4900CF7AD0;
					};
				};
			};
			buildConfigurationList = 7BB3F23B21937C4900CF7AD0 /* Build configuration list for PBXProject "Cake-Pattern" */;
			compatibilityVersion = "Xcode 9.3";
			developmentRegion = en;
			hasScannedForEncodings = 0;
			knownRegions = (
				en,
				Base,
			);
			mainGroup = 7BB3F23721937C4900CF7AD0;
			productRefGroup = 7BB3F24121937C4900CF7AD0 /* Products */;
			projectDirPath = "";
			projectRoot = "";
			targets = (
				7BB3F23F21937C4900CF7AD0 /* Cake-Pattern */,
				7BB3F25321937C4A00CF7AD0 /* Cake-PatternTests */,
				7BB3F25E21937C4A00CF7AD0 /* Cake-PatternUITests */,
			);
		};
/* End PBXProject section */

/* Begin PBXResourcesBuildPhase section */
		7BB3F23E21937C4900CF7AD0 /* Resources */ = {
			isa = PBXResourcesBuildPhase;
			buildActionMask = 2147483647;
			files = (
				7BB3F24E21937C4A00CF7AD0 /* LaunchScreen.storyboard in Resources */,
				7BB3F24B21937C4A00CF7AD0 /* Assets.xcassets in Resources */,
				7BB3F24921937C4900CF7AD0 /* Main.storyboard in Resources */,
			);
			runOnlyForDeploymentPostprocessing = 0;
		};
		7BB3F25221937C4A00CF7AD0 /* Resources */ = {
			isa = PBXResourcesBuildPhase;
			buildActionMask = 2147483647;
			files = (
			);
			runOnlyForDeploymentPostprocessing = 0;
		};
		7BB3F25D21937C4A00CF7AD0 /* Resources */ = {
			isa = PBXResourcesBuildPhase;
			buildActionMask = 2147483647;
			files = (
			);
			runOnlyForDeploymentPostprocessing = 0;
		};
/* End PBXResourcesBuildPhase section */

/* Begin PBXSourcesBuildPhase section */
		7BB3F23C21937C4900CF7AD0 /* Sources */ = {
			isa = PBXSourcesBuildPhase;
			buildActionMask = 2147483647;
			files = (
				7BB3F24621937C4900CF7AD0 /* ViewController.swift in Sources */,
				7BB3F24421937C4900CF7AD0 /* AppDelegate.swift in Sources */,
			);
			runOnlyForDeploymentPostprocessing = 0;
		};
		7BB3F25021937C4A00CF7AD0 /* Sources */ = {
			isa = PBXSourcesBuildPhase;
			buildActionMask = 2147483647;
			files = (
				7BB3F25921937C4A00CF7AD0 /* Cake_PatternTests.swift in Sources */,
			);
			runOnlyForDeploymentPostprocessing = 0;
		};
		7BB3F25B21937C4A00CF7AD0 /* Sources */ = {
			isa = PBXSourcesBuildPhase;
			buildActionMask = 2147483647;
			files = (
				7BB3F26421937C4A00CF7AD0 /* Cake_PatternUITests.swift in Sources */,
			);
			runOnlyForDeploymentPostprocessing = 0;
		};
/* End PBXSourcesBuildPhase section */

/* Begin PBXTargetDependency section */
		7BB3F25621937C4A00CF7AD0 /* PBXTargetDependency */ = {
			isa = PBXTargetDependency;
			target = 7BB3F23F21937C4900CF7AD0 /* Cake-Pattern */;
			targetProxy = 7BB3F25521937C4A00CF7AD0 /* PBXContainerItemProxy */;
		};
		7BB3F26121937C4A00CF7AD0 /* PBXTargetDependency */ = {
			isa = PBXTargetDependency;
			target = 7BB3F23F21937C4900CF7AD0 /* Cake-Pattern */;
			targetProxy = 7BB3F26021937C4A00CF7AD0 /* PBXContainerItemProxy */;
		};
/* End PBXTargetDependency section */

/* Begin PBXVariantGroup section */
		7BB3F24721937C4900CF7AD0 /* Main.storyboard */ = {
			isa = PBXVariantGroup;
			children = (
				7BB3F24821937C4900CF7AD0 /* Base */,
			);
			name = Main.storyboard;
			sourceTree = "<group>";
		};
		7BB3F24C21937C4A00CF7AD0 /* LaunchScreen.storyboard */ = {
			isa = PBXVariantGroup;
			children = (
				7BB3F24D21937C4A00CF7AD0 /* Base */,
			);
			name = LaunchScreen.storyboard;
			sourceTree = "<group>";
		};
/* End PBXVariantGroup section */

/* Begin XCBuildConfiguration section */
		7BB3F26621937C4A00CF7AD0 /* Debug */ = {
			isa = XCBuildConfiguration;
			buildSettings = {
				ALWAYS_SEARCH_USER_PATHS = NO;
				CLANG_ANALYZER_NONNULL = YES;
				CLANG_ANALYZER_NUMBER_OBJECT_CONVERSION = YES_AGGRESSIVE;
				CLANG_CXX_LANGUAGE_STANDARD = "gnu++14";
				CLANG_CXX_LIBRARY = "libc++";
				CLANG_ENABLE_MODULES = YES;
				CLANG_ENABLE_OBJC_ARC = YES;
				CLANG_ENABLE_OBJC_WEAK = YES;
				CLANG_WARN_BLOCK_CAPTURE_AUTORELEASING = YES;
				CLANG_WARN_BOOL_CONVERSION = YES;
				CLANG_WARN_COMMA = YES;
				CLANG_WARN_CONSTANT_CONVERSION = YES;
				CLANG_WARN_DEPRECATED_OBJC_IMPLEMENTATIONS = YES;
				CLANG_WARN_DIRECT_OBJC_ISA_USAGE = YES_ERROR;
				CLANG_WARN_DOCUMENTATION_COMMENTS = YES;
				CLANG_WARN_EMPTY_BODY = YES;
				CLANG_WARN_ENUM_CONVERSION = YES;
				CLANG_WARN_INFINITE_RECURSION = YES;
				CLANG_WARN_INT_CONVERSION = YES;
				CLANG_WARN_NON_LITERAL_NULL_CONVERSION = YES;
				CLANG_WARN_OBJC_IMPLICIT_RETAIN_SELF = YES;
				CLANG_WARN_OBJC_LITERAL_CONVERSION = YES;
				CLANG_WARN_OBJC_ROOT_CLASS = YES_ERROR;
				CLANG_WARN_RANGE_LOOP_ANALYSIS = YES;
				CLANG_WARN_STRICT_PROTOTYPES = YES;
				CLANG_WARN_SUSPICIOUS_MOVE = YES;
				CLANG_WARN_UNGUARDED_AVAILABILITY = YES_AGGRESSIVE;
				CLANG_WARN_UNREACHABLE_CODE = YES;
				CLANG_WARN__DUPLICATE_METHOD_MATCH = YES;
				CODE_SIGN_IDENTITY = "iPhone Developer";
				COPY_PHASE_STRIP = NO;
				DEBUG_INFORMATION_FORMAT = dwarf;
				ENABLE_STRICT_OBJC_MSGSEND = YES;
				ENABLE_TESTABILITY = YES;
				GCC_C_LANGUAGE_STANDARD = gnu11;
				GCC_DYNAMIC_NO_PIC = NO;
				GCC_NO_COMMON_BLOCKS = YES;
				GCC_OPTIMIZATION_LEVEL = 0;
				GCC_PREPROCESSOR_DEFINITIONS = (
					"DEBUG=1",
					"$(inherited)",
				);
				GCC_WARN_64_TO_32_BIT_CONVERSION = YES;
				GCC_WARN_ABOUT_RETURN_TYPE = YES_ERROR;
				GCC_WARN_UNDECLARED_SELECTOR = YES;
				GCC_WARN_UNINITIALIZED_AUTOS = YES_AGGRESSIVE;
				GCC_WARN_UNUSED_FUNCTION = YES;
				GCC_WARN_UNUSED_VARIABLE = YES;
				IPHONEOS_DEPLOYMENT_TARGET = 12.1;
				MTL_ENABLE_DEBUG_INFO = INCLUDE_SOURCE;
				MTL_FAST_MATH = YES;
				ONLY_ACTIVE_ARCH = YES;
				SDKROOT = iphoneos;
				SWIFT_ACTIVE_COMPILATION_CONDITIONS = DEBUG;
				SWIFT_OPTIMIZATION_LEVEL = "-Onone";
			};
			name = Debug;
		};
		7BB3F26721937C4A00CF7AD0 /* Release */ = {
			isa = XCBuildConfiguration;
			buildSettings = {
				ALWAYS_SEARCH_USER_PATHS = NO;
				CLANG_ANALYZER_NONNULL = YES;
				CLANG_ANALYZER_NUMBER_OBJECT_CONVERSION = YES_AGGRESSIVE;
				CLANG_CXX_LANGUAGE_STANDARD = "gnu++14";
				CLANG_CXX_LIBRARY = "libc++";
				CLANG_ENABLE_MODULES = YES;
				CLANG_ENABLE_OBJC_ARC = YES;
				CLANG_ENABLE_OBJC_WEAK = YES;
				CLANG_WARN_BLOCK_CAPTURE_AUTORELEASING = YES;
				CLANG_WARN_BOOL_CONVERSION = YES;
				CLANG_WARN_COMMA = YES;
				CLANG_WARN_CONSTANT_CONVERSION = YES;
				CLANG_WARN_DEPRECATED_OBJC_IMPLEMENTATIONS = YES;
				CLANG_WARN_DIRECT_OBJC_ISA_USAGE = YES_ERROR;
				CLANG_WARN_DOCUMENTATION_COMMENTS = YES;
				CLANG_WARN_EMPTY_BODY = YES;
				CLANG_WARN_ENUM_CONVERSION = YES;
				CLANG_WARN_INFINITE_RECURSION = YES;
				CLANG_WARN_INT_CONVERSION = YES;
				CLANG_WARN_NON_LITERAL_NULL_CONVERSION = YES;
				CLANG_WARN_OBJC_IMPLICIT_RETAIN_SELF = YES;
				CLANG_WARN_OBJC_LITERAL_CONVERSION = YES;
				CLANG_WARN_OBJC_ROOT_CLASS = YES_ERROR;
				CLANG_WARN_RANGE_LOOP_ANALYSIS = YES;
				CLANG_WARN_STRICT_PROTOTYPES = YES;
				CLANG_WARN_SUSPICIOUS_MOVE = YES;
				CLANG_WARN_UNGUARDED_AVAILABILITY = YES_AGGRESSIVE;
				CLANG_WARN_UNREACHABLE_CODE = YES;
				CLANG_WARN__DUPLICATE_METHOD_MATCH = YES;
				CODE_SIGN_IDENTITY = "iPhone Developer";
				COPY_PHASE_STRIP = NO;
				DEBUG_INFORMATION_FORMAT = "dwarf-with-dsym";
				ENABLE_NS_ASSERTIONS = NO;
				ENABLE_STRICT_OBJC_MSGSEND = YES;
				GCC_C_LANGUAGE_STANDARD = gnu11;
				GCC_NO_COMMON_BLOCKS = YES;
				GCC_WARN_64_TO_32_BIT_CONVERSION = YES;
				GCC_WARN_ABOUT_RETURN_TYPE = YES_ERROR;
				GCC_WARN_UNDECLARED_SELECTOR = YES;
				GCC_WARN_UNINITIALIZED_AUTOS = YES_AGGRESSIVE;
				GCC_WARN_UNUSED_FUNCTION = YES;
				GCC_WARN_UNUSED_VARIABLE = YES;
				IPHONEOS_DEPLOYMENT_TARGET = 12.1;
				MTL_ENABLE_DEBUG_INFO = NO;
				MTL_FAST_MATH = YES;
				SDKROOT = iphoneos;
				SWIFT_COMPILATION_MODE = wholemodule;
				SWIFT_OPTIMIZATION_LEVEL = "-O";
				VALIDATE_PRODUCT = YES;
			};
			name = Release;
		};
		7BB3F26921937C4A00CF7AD0 /* Debug */ = {
			isa = XCBuildConfiguration;
			buildSettings = {
				ASSETCATALOG_COMPILER_APPICON_NAME = AppIcon;
				CODE_SIGN_STYLE = Automatic;
				DEVELOPMENT_TEAM = 94ZABEK7DL;
				INFOPLIST_FILE = "Cake-Pattern/Info.plist";
				LD_RUNPATH_SEARCH_PATHS = (
					"$(inherited)",
					"@executable_path/Frameworks",
				);
				PRODUCT_BUNDLE_IDENTIFIER = "com.codetroopers.demo.cake-pattern.Cake-Pattern";
				PRODUCT_NAME = "$(TARGET_NAME)";
				SWIFT_VERSION = 4.2;
				TARGETED_DEVICE_FAMILY = "1,2";
			};
			name = Debug;
		};
		7BB3F26A21937C4A00CF7AD0 /* Release */ = {
			isa = XCBuildConfiguration;
			buildSettings = {
				ASSETCATALOG_COMPILER_APPICON_NAME = AppIcon;
				CODE_SIGN_STYLE = Automatic;
				DEVELOPMENT_TEAM = 94ZABEK7DL;
				INFOPLIST_FILE = "Cake-Pattern/Info.plist";
				LD_RUNPATH_SEARCH_PATHS = (
					"$(inherited)",
					"@executable_path/Frameworks",
				);
				PRODUCT_BUNDLE_IDENTIFIER = "com.codetroopers.demo.cake-pattern.Cake-Pattern";
				PRODUCT_NAME = "$(TARGET_NAME)";
				SWIFT_VERSION = 4.2;
				TARGETED_DEVICE_FAMILY = "1,2";
			};
			name = Release;
		};
		7BB3F26C21937C4A00CF7AD0 /* Debug */ = {
			isa = XCBuildConfiguration;
			buildSettings = {
				ALWAYS_EMBED_SWIFT_STANDARD_LIBRARIES = YES;
				BUNDLE_LOADER = "$(TEST_HOST)";
				CODE_SIGN_STYLE = Automatic;
				DEVELOPMENT_TEAM = 94ZABEK7DL;
				INFOPLIST_FILE = "Cake-PatternTests/Info.plist";
				LD_RUNPATH_SEARCH_PATHS = (
					"$(inherited)",
					"@executable_path/Frameworks",
					"@loader_path/Frameworks",
				);
				PRODUCT_BUNDLE_IDENTIFIER = "com.codetroopers.demo.cake-pattern.Cake-PatternTests";
				PRODUCT_NAME = "$(TARGET_NAME)";
				SWIFT_VERSION = 4.2;
				TARGETED_DEVICE_FAMILY = "1,2";
				TEST_HOST = "$(BUILT_PRODUCTS_DIR)/Cake-Pattern.app/Cake-Pattern";
			};
			name = Debug;
		};
		7BB3F26D21937C4A00CF7AD0 /* Release */ = {
			isa = XCBuildConfiguration;
			buildSettings = {
				ALWAYS_EMBED_SWIFT_STANDARD_LIBRARIES = YES;
				BUNDLE_LOADER = "$(TEST_HOST)";
				CODE_SIGN_STYLE = Automatic;
				DEVELOPMENT_TEAM = 94ZABEK7DL;
				INFOPLIST_FILE = "Cake-PatternTests/Info.plist";
				LD_RUNPATH_SEARCH_PATHS = (
					"$(inherited)",
					"@executable_path/Frameworks",
					"@loader_path/Frameworks",
				);
				PRODUCT_BUNDLE_IDENTIFIER = "com.codetroopers.demo.cake-pattern.Cake-PatternTests";
				PRODUCT_NAME = "$(TARGET_NAME)";
				SWIFT_VERSION = 4.2;
				TARGETED_DEVICE_FAMILY = "1,2";
				TEST_HOST = "$(BUILT_PRODUCTS_DIR)/Cake-Pattern.app/Cake-Pattern";
			};
			name = Release;
		};
		7BB3F26F21937C4A00CF7AD0 /* Debug */ = {
			isa = XCBuildConfiguration;
			buildSettings = {
				ALWAYS_EMBED_SWIFT_STANDARD_LIBRARIES = YES;
				CODE_SIGN_STYLE = Automatic;
				DEVELOPMENT_TEAM = 94ZABEK7DL;
				INFOPLIST_FILE = "Cake-PatternUITests/Info.plist";
				LD_RUNPATH_SEARCH_PATHS = (
					"$(inherited)",
					"@executable_path/Frameworks",
					"@loader_path/Frameworks",
				);
				PRODUCT_BUNDLE_IDENTIFIER = "com.codetroopers.demo.cake-pattern.Cake-PatternUITests";
				PRODUCT_NAME = "$(TARGET_NAME)";
				SWIFT_VERSION = 4.2;
				TARGETED_DEVICE_FAMILY = "1,2";
				TEST_TARGET_NAME = "Cake-Pattern";
			};
			name = Debug;
		};
		7BB3F27021937C4A00CF7AD0 /* Release */ = {
			isa = XCBuildConfiguration;
			buildSettings = {
				ALWAYS_EMBED_SWIFT_STANDARD_LIBRARIES = YES;
				CODE_SIGN_STYLE = Automatic;
				DEVELOPMENT_TEAM = 94ZABEK7DL;
				INFOPLIST_FILE = "Cake-PatternUITests/Info.plist";
				LD_RUNPATH_SEARCH_PATHS = (
					"$(inherited)",
					"@executable_path/Frameworks",
					"@loader_path/Frameworks",
				);
				PRODUCT_BUNDLE_IDENTIFIER = "com.codetroopers.demo.cake-pattern.Cake-PatternUITests";
				PRODUCT_NAME = "$(TARGET_NAME)";
				SWIFT_VERSION = 4.2;
				TARGETED_DEVICE_FAMILY = "1,2";
				TEST_TARGET_NAME = "Cake-Pattern";
			};
			name = Release;
		};
/* End XCBuildConfiguration section */

/* Begin XCConfigurationList section */
		7BB3F23B21937C4900CF7AD0 /* Build configuration list for PBXProject "Cake-Pattern" */ = {
			isa = XCConfigurationList;
			buildConfigurations = (
				7BB3F26621937C4A00CF7AD0 /* Debug */,
				7BB3F26721937C4A00CF7AD0 /* Release */,
			);
			defaultConfigurationIsVisible = 0;
			defaultConfigurationName = Release;
		};
		7BB3F26821937C4A00CF7AD0 /* Build configuration list for PBXNativeTarget "Cake-Pattern" */ = {
			isa = XCConfigurationList;
			buildConfigurations = (
				7BB3F26921937C4A00CF7AD0 /* Debug */,
				7BB3F26A21937C4A00CF7AD0 /* Release */,
			);
			defaultConfigurationIsVisible = 0;
			defaultConfigurationName = Release;
		};
		7BB3F26B21937C4A00CF7AD0 /* Build configuration list for PBXNativeTarget "Cake-PatternTests" */ = {
			isa = XCConfigurationList;
			buildConfigurations = (
				7BB3F26C21937C4A00CF7AD0 /* Debug */,
				7BB3F26D21937C4A00CF7AD0 /* Release */,
			);
			defaultConfigurationIsVisible = 0;
			defaultConfigurationName = Release;
		};
		7BB3F26E21937C4A00CF7AD0 /* Build configuration list for PBXNativeTarget "Cake-PatternUITests" */ = {
			isa = XCConfigurationList;
			buildConfigurations = (
				7BB3F26F21937C4A00CF7AD0 /* Debug */,
				7BB3F27021937C4A00CF7AD0 /* Release */,
			);
			defaultConfigurationIsVisible = 0;
			defaultConfigurationName = Release;
		};
/* End XCConfigurationList section */
	};
	rootObject = 7BB3F23821937C4900CF7AD0 /* Project object */;
}
